
Microsoft Visual Studio Solution File, Format Version 12.00
# Visual Studio Express 2013 for Web
VisualStudioVersion = 12.0.31101.0
MinimumVisualStudioVersion = 10.0.40219.1
Project("{FAE04EC0-301F-11D3-BF4B-00C04F79EFBC}") = "MvcMusicStore", "MvcMusicStore\MvcMusicStore.csproj", "{4861C709-C4DA-4F33-A725-1B78C5E1BB9B}"
EndProject
Project("{FAE04EC0-301F-11D3-BF4B-00C04F79EFBC}") = "MvcMusicStore.Tests", "MvcMusicStore.Tests\MvcMusicStore.Tests.csproj", "{3C35B661-A4D8-4D89-B3CC-F68E0DF56B0A}"
EndProject
Global
	GlobalSection(SolutionConfigurationPlatforms) = preSolution
		Debug|Any CPU = Debug|Any CPU
		Release|Any CPU = Release|Any CPU
	EndGlobalSection
	GlobalSection(ProjectConfigurationPlatforms) = postSolution
		{4861C709-C4DA-4F33-A725-1B78C5E1BB9B}.Debug|Any CPU.ActiveCfg = Debug|Any CPU
		{4861C709-C4DA-4F33-A725-1B78C5E1BB9B}.Debug|Any CPU.Build.0 = Debug|Any CPU
		{4861C709-C4DA-4F33-A725-1B78C5E1BB9B}.Release|Any CPU.ActiveCfg = Release|Any CPU
		{4861C709-C4DA-4F33-A725-1B78C5E1BB9B}.Release|Any CPU.Build.0 = Release|Any CPU
		{3C35B661-A4D8-4D89-B3CC-F68E0DF56B0A}.Debug|Any CPU.ActiveCfg = Debug|Any CPU
		{3C35B661-A4D8-4D89-B3CC-F68E0DF56B0A}.Debug|Any CPU.Build.0 = Debug|Any CPU
		{3C35B661-A4D8-4D89-B3CC-F68E0DF56B0A}.Release|Any CPU.ActiveCfg = Release|Any CPU
		{3C35B661-A4D8-4D89-B3CC-F68E0DF56B0A}.Release|Any CPU.Build.0 = Release|Any CPU
	EndGlobalSection
	GlobalSection(SolutionProperties) = preSolution
		HideSolutionNode = FALSE
	EndGlobalSection
EndGlobal
